# THIS IS AN AUTOGENERATED FILE. DO NOT EDIT THIS FILE DIRECTLY.
# yarn lockfile v1


tailwind-merge@^3.6.0:
  version "3.6.0"
  resolved "https://registry.yarnpkg.com/tailwind-merge/-/tailwind-merge-3.6.0.tgz#88d83242d1dd7bc847223f73dcf210dd1f2ee11c"
  integrity sha512-uxL7qAVQriqRQPAyK3pj66VqskWqoZ37PW94jwOTwNfq/z9oyu1V+eqrZqtR2+fCiXdYOZe/Modt8GtvqNzu+w==
